
Microsoft Visual Studio Solution File, Format Version 12.00
# Visual Studio Version 16
VisualStudioVersion = 16.0.31605.320
MinimumVisualStudioVersion = 10.0.40219.1
Project("{FAE04EC0-301F-11D3-BF4B-00C04F79EFBC}") = "Algoritmi_Sortiranja", "Algoritmi_Sortiranja.csproj", "{00D6C983-6A3D-4D13-BBFE-916D8B1943B8}"
EndProject
Global
	GlobalSection(SolutionConfigurationPlatforms) = preSolution
		Debug|Any CPU = Debug|Any CPU
		Release|Any CPU = Release|Any CPU
	EndGlobalSection
	GlobalSection(ProjectConfigurationPlatforms) = postSolution
		{00D6C983-6A3D-4D13-BBFE-916D8B1943B8}.Debug|Any CPU.ActiveCfg = Debug|Any CPU
		{00D6C983-6A3D-4D13-BBFE-916D8B1943B8}.Debug|Any CPU.Build.0 = Debug|Any CPU
		{00D6C983-6A3D-4D13-BBFE-916D8B1943B8}.Release|Any CPU.ActiveCfg = Release|Any CPU
		{00D6C983-6A3D-4D13-BBFE-916D8B1943B8}.Release|Any CPU.Build.0 = Release|Any CPU
	EndGlobalSection
	GlobalSection(SolutionProperties) = preSolution
		HideSolutionNode = FALSE
	EndGlobalSection
	GlobalSection(ExtensibilityGlobals) = postSolution
		SolutionGuid = {A2DA8988-3CF1-49C9-8947-EAB9DA54DCFA}
	EndGlobalSection
EndGlobal
